
Microsoft Visual Studio Solution File, Format Version 12.00
# Visual Studio Version 16
VisualStudioVersion = 16.0.30907.101
MinimumVisualStudioVersion = 10.0.40219.1
Project("{FAE04EC0-301F-11D3-BF4B-00C04F79EFBC}") = "helpful all", "helpful all\helpful all.csproj", "{1E410C85-7CF5-4EF8-BDC3-B1A0443C6E6F}"
EndProject
Global
	GlobalSection(SolutionConfigurationPlatforms) = preSolution
		Debug|Any CPU = Debug|Any CPU
		Release|Any CPU = Release|Any CPU
	EndGlobalSection
	GlobalSection(ProjectConfigurationPlatforms) = postSolution
		{1E410C85-7CF5-4EF8-BDC3-B1A0443C6E6F}.Debug|Any CPU.ActiveCfg = Debug|Any CPU
		{1E410C85-7CF5-4EF8-BDC3-B1A0443C6E6F}.Debug|Any CPU.Build.0 = Debug|Any CPU
		{1E410C85-7CF5-4EF8-BDC3-B1A0443C6E6F}.Release|Any CPU.ActiveCfg = Release|Any CPU
		{1E410C85-7CF5-4EF8-BDC3-B1A0443C6E6F}.Release|Any CPU.Build.0 = Release|Any CPU
	EndGlobalSection
	GlobalSection(SolutionProperties) = preSolution
		HideSolutionNode = FALSE
	EndGlobalSection
	GlobalSection(ExtensibilityGlobals) = postSolution
		SolutionGuid = {DEBAB112-99B6-4E6D-A0A2-962366BE96C7}
	EndGlobalSection
EndGlobal
