
Microsoft Visual Studio Solution File, Format Version 12.00
# Visual Studio Version 16
VisualStudioVersion = 16.0.30907.101
MinimumVisualStudioVersion = 10.0.40219.1
Project("{FAE04EC0-301F-11D3-BF4B-00C04F79EFBC}") = "Project", "Project\Project.csproj", "{DE4EC772-23CA-4039-957A-A01C418C8003}"
EndProject
Global
	GlobalSection(SolutionConfigurationPlatforms) = preSolution
		Debug|Any CPU = Debug|Any CPU
		Release|Any CPU = Release|Any CPU
	EndGlobalSection
	GlobalSection(ProjectConfigurationPlatforms) = postSolution
		{DE4EC772-23CA-4039-957A-A01C418C8003}.Debug|Any CPU.ActiveCfg = Debug|Any CPU
		{DE4EC772-23CA-4039-957A-A01C418C8003}.Debug|Any CPU.Build.0 = Debug|Any CPU
		{DE4EC772-23CA-4039-957A-A01C418C8003}.Release|Any CPU.ActiveCfg = Release|Any CPU
		{DE4EC772-23CA-4039-957A-A01C418C8003}.Release|Any CPU.Build.0 = Release|Any CPU
	EndGlobalSection
	GlobalSection(SolutionProperties) = preSolution
		HideSolutionNode = FALSE
	EndGlobalSection
	GlobalSection(ExtensibilityGlobals) = postSolution
		SolutionGuid = {D42B9D60-DDF0-4178-9E0B-F0D95DF73B66}
	EndGlobalSection
EndGlobal
